
Microsoft Visual Studio Solution File, Format Version 12.00
# Visual Studio Version 16
VisualStudioVersion = 16.0.31624.102
MinimumVisualStudioVersion = 10.0.40219.1
Project("{2150E333-8FDC-42A3-9474-1A3956D46DE8}") = "src", "src", "{7BABE20C-240D-4C7B-975A-1E78A0CA9917}"
EndProject
Project("{2150E333-8FDC-42A3-9474-1A3956D46DE8}") = "test", "test", "{568DA1E3-3FB0-40BE-989C-59E4DA332ECB}"
EndProject
Project("{2150E333-8FDC-42A3-9474-1A3956D46DE8}") = "API", "API", "{2E0FCFA7-3DD5-49C0-8F48-7A0CBA2890B2}"
EndProject
Project("{2150E333-8FDC-42A3-9474-1A3956D46DE8}") = "Core", "Core", "{82314125-ED53-4496-ADF0-0851C0E3BCBD}"
EndProject
Project("{2150E333-8FDC-42A3-9474-1A3956D46DE8}") = "Infrastructure", "Infrastructure", "{95F2DED0-8428-480C-BADA-7B4D9DA063F0}"
EndProject
Project("{2150E333-8FDC-42A3-9474-1A3956D46DE8}") = "Identity", "Identity", "{D98DEAB0-7224-406B-9ABF-B88C35376145}"
EndProject
Project("{2150E333-8FDC-42A3-9474-1A3956D46DE8}") = "Persistence", "Persistence", "{BE8CA22D-28D7-4BC2-93CE-8BD366138014}"
EndProject
Project("{FAE04EC0-301F-11D3-BF4B-00C04F79EFBC}") = "Template.API", "src\Template.API\Template.API.csproj", "{207C75B6-5AA9-4D41-9177-DFE896F097CC}"
EndProject
Project("{FAE04EC0-301F-11D3-BF4B-00C04F79EFBC}") = "Template.Domain", "src\Template.Domain\Template.Domain.csproj", "{7DEE3388-7C18-4A32-AAC1-107B953EDD94}"
EndProject
Project("{FAE04EC0-301F-11D3-BF4B-00C04F79EFBC}") = "Template.Application", "src\Template.Application\Template.Application.csproj", "{71D93057-CB02-4939-9D1C-EEF094BB5342}"
EndProject
Global
	GlobalSection(SolutionConfigurationPlatforms) = preSolution
		Debug|Any CPU = Debug|Any CPU
		Release|Any CPU = Release|Any CPU
	EndGlobalSection
	GlobalSection(ProjectConfigurationPlatforms) = postSolution
		{207C75B6-5AA9-4D41-9177-DFE896F097CC}.Debug|Any CPU.ActiveCfg = Debug|Any CPU
		{207C75B6-5AA9-4D41-9177-DFE896F097CC}.Debug|Any CPU.Build.0 = Debug|Any CPU
		{207C75B6-5AA9-4D41-9177-DFE896F097CC}.Release|Any CPU.ActiveCfg = Release|Any CPU
		{207C75B6-5AA9-4D41-9177-DFE896F097CC}.Release|Any CPU.Build.0 = Release|Any CPU
		{7DEE3388-7C18-4A32-AAC1-107B953EDD94}.Debug|Any CPU.ActiveCfg = Debug|Any CPU
		{7DEE3388-7C18-4A32-AAC1-107B953EDD94}.Debug|Any CPU.Build.0 = Debug|Any CPU
		{7DEE3388-7C18-4A32-AAC1-107B953EDD94}.Release|Any CPU.ActiveCfg = Release|Any CPU
		{7DEE3388-7C18-4A32-AAC1-107B953EDD94}.Release|Any CPU.Build.0 = Release|Any CPU
		{71D93057-CB02-4939-9D1C-EEF094BB5342}.Debug|Any CPU.ActiveCfg = Debug|Any CPU
		{71D93057-CB02-4939-9D1C-EEF094BB5342}.Debug|Any CPU.Build.0 = Debug|Any CPU
		{71D93057-CB02-4939-9D1C-EEF094BB5342}.Release|Any CPU.ActiveCfg = Release|Any CPU
		{71D93057-CB02-4939-9D1C-EEF094BB5342}.Release|Any CPU.Build.0 = Release|Any CPU
	EndGlobalSection
	GlobalSection(SolutionProperties) = preSolution
		HideSolutionNode = FALSE
	EndGlobalSection
	GlobalSection(NestedProjects) = preSolution
		{2E0FCFA7-3DD5-49C0-8F48-7A0CBA2890B2} = {7BABE20C-240D-4C7B-975A-1E78A0CA9917}
		{82314125-ED53-4496-ADF0-0851C0E3BCBD} = {7BABE20C-240D-4C7B-975A-1E78A0CA9917}
		{95F2DED0-8428-480C-BADA-7B4D9DA063F0} = {7BABE20C-240D-4C7B-975A-1E78A0CA9917}
		{D98DEAB0-7224-406B-9ABF-B88C35376145} = {7BABE20C-240D-4C7B-975A-1E78A0CA9917}
		{BE8CA22D-28D7-4BC2-93CE-8BD366138014} = {7BABE20C-240D-4C7B-975A-1E78A0CA9917}
		{207C75B6-5AA9-4D41-9177-DFE896F097CC} = {2E0FCFA7-3DD5-49C0-8F48-7A0CBA2890B2}
		{7DEE3388-7C18-4A32-AAC1-107B953EDD94} = {82314125-ED53-4496-ADF0-0851C0E3BCBD}
		{71D93057-CB02-4939-9D1C-EEF094BB5342} = {82314125-ED53-4496-ADF0-0851C0E3BCBD}
	EndGlobalSection
	GlobalSection(ExtensibilityGlobals) = postSolution
		SolutionGuid = {2B9324F8-B721-40F2-A24C-3F3FD3A51767}
	EndGlobalSection
EndGlobal
